
Microsoft Visual Studio Solution File, Format Version 12.00
# Visual Studio 15
VisualStudioVersion = 15.0.28307.106
MinimumVisualStudioVersion = 10.0.40219.1
Project("{2150E333-8FDC-42A3-9474-1A3956D46DE8}") = "src", "src", "{588205D4-3A30-4DA4-849D-C7422C396DAA}"
EndProject
Project("{2150E333-8FDC-42A3-9474-1A3956D46DE8}") = "tests", "tests", "{0BC0CC4E-A0F1-45E8-B41A-AE0FA76BF3E5}"
EndProject
Project("{9A19103F-16F7-4668-BE54-9A1E7A4F7556}") = "Skoruba.IdentityServer4.Admin", "src\Skoruba.IdentityServer4.Admin\Skoruba.IdentityServer4.Admin.csproj", "{E3713598-3375-4E81-9EC7-58DC090789BD}"
EndProject
Project("{9A19103F-16F7-4668-BE54-9A1E7A4F7556}") = "Skoruba.IdentityServer4.Admin.IntegrationTests", "tests\Skoruba.IdentityServer4.Admin.IntegrationTests\Skoruba.IdentityServer4.Admin.IntegrationTests.csproj", "{BFF10ECC-B02A-4660-A82B-AADFDE0C0EBF}"
EndProject
Project("{9A19103F-16F7-4668-BE54-9A1E7A4F7556}") = "Skoruba.IdentityServer4.Admin.UnitTests", "tests\Skoruba.IdentityServer4.Admin.UnitTests\Skoruba.IdentityServer4.Admin.UnitTests.csproj", "{92405E00-759C-4A20-A736-E21E7EF771C2}"
EndProject
Project("{2150E333-8FDC-42A3-9474-1A3956D46DE8}") = "sts", "sts", "{63D44665-AC4C-45F4-A2C7-A7DB394F44C4}"
EndProject
Project("{9A19103F-16F7-4668-BE54-9A1E7A4F7556}") = "Skoruba.IdentityServer4.Admin.EntityFramework", "src\Skoruba.IdentityServer4.Admin.EntityFramework\Skoruba.IdentityServer4.Admin.EntityFramework.csproj", "{D9F5B8B1-01F5-4996-8E75-A41532CF32CD}"
EndProject
Project("{9A19103F-16F7-4668-BE54-9A1E7A4F7556}") = "Skoruba.IdentityServer4.Admin.BusinessLogic", "src\Skoruba.IdentityServer4.Admin.BusinessLogic\Skoruba.IdentityServer4.Admin.BusinessLogic.csproj", "{491B30A8-D4A1-42E8-8DEE-4093E0E45C36}"
EndProject
Project("{9A19103F-16F7-4668-BE54-9A1E7A4F7556}") = "Skoruba.IdentityServer4.STS.Identity", "src\Skoruba.IdentityServer4.STS.Identity\Skoruba.IdentityServer4.STS.Identity.csproj", "{72F17B1A-88D9-47FD-AA35-1C700E51CD0E}"
EndProject
Project("{9A19103F-16F7-4668-BE54-9A1E7A4F7556}") = "Skoruba.IdentityServer4.Admin.EntityFramework.Identity", "src\Skoruba.IdentityServer4.Admin.EntityFramework.Identity\Skoruba.IdentityServer4.Admin.EntityFramework.Identity.csproj", "{2FAECDE3-8D21-4C36-BFF1-3F7C1A56F0D4}"
EndProject
Project("{9A19103F-16F7-4668-BE54-9A1E7A4F7556}") = "Skoruba.IdentityServer4.Admin.BusinessLogic.Shared", "src\Skoruba.IdentityServer4.Admin.BusinessLogic.Shared\Skoruba.IdentityServer4.Admin.BusinessLogic.Shared.csproj", "{C360A0D5-1671-4738-BC5D-BED0E8A24D66}"
EndProject
Project("{9A19103F-16F7-4668-BE54-9A1E7A4F7556}") = "Skoruba.IdentityServer4.Admin.BusinessLogic.Identity", "src\Skoruba.IdentityServer4.Admin.BusinessLogic.Identity\Skoruba.IdentityServer4.Admin.BusinessLogic.Identity.csproj", "{CA63CC7B-BE27-4737-AE91-42E43F729A1E}"
EndProject
Project("{9A19103F-16F7-4668-BE54-9A1E7A4F7556}") = "Skoruba.IdentityServer4.STS.Identity.IntegrationTests", "tests\Skoruba.IdentityServer4.STS.Identity.IntegrationTests\Skoruba.IdentityServer4.STS.Identity.IntegrationTests.csproj", "{83319150-92D2-408C-A944-52DBE6AB8B37}"
EndProject
Project("{9A19103F-16F7-4668-BE54-9A1E7A4F7556}") = "Skoruba.IdentityServer4.Admin.Api", "src\Skoruba.IdentityServer4.Admin.Api\Skoruba.IdentityServer4.Admin.Api.csproj", "{8F112368-2E45-4C3A-922E-85AB6056F559}"
EndProject
Project("{9A19103F-16F7-4668-BE54-9A1E7A4F7556}") = "Skoruba.IdentityServer4.Admin.EntityFramework.Shared", "src\Skoruba.IdentityServer4.Admin.EntityFramework.Shared\Skoruba.IdentityServer4.Admin.EntityFramework.Shared.csproj", "{E18F8C70-7448-4039-9D78-1369D7F498EF}"
EndProject
Project("{9A19103F-16F7-4668-BE54-9A1E7A4F7556}") = "Skoruba.IdentityServer4.Admin.EntityFramework.Extensions", "src\Skoruba.IdentityServer4.Admin.EntityFramework.Extensions\Skoruba.IdentityServer4.Admin.EntityFramework.Extensions.csproj", "{2DD3CB7D-462E-4039-B684-81B1E88C7C6A}"
EndProject
Project("{9A19103F-16F7-4668-BE54-9A1E7A4F7556}") = "Synuit.Identity.STS", "src\Synuit.Identity.STS\Synuit.Identity.STS.csproj", "{16B8EA4C-E7E7-4D89-8C89-1B271E846929}"
EndProject
Project("{9A19103F-16F7-4668-BE54-9A1E7A4F7556}") = "Synuit.Identity.Admin", "src\Synuit.Identity.Admin\Synuit.Identity.Admin.csproj", "{B23F27E4-4926-4C92-850E-8EE68A480F22}"
EndProject
Project("{9A19103F-16F7-4668-BE54-9A1E7A4F7556}") = "Synuit.Identity.Admin.Api", "src\Synuit.Identity.Admin.Api\Synuit.Identity.Admin.Api.csproj", "{E6A37DD3-E8B2-4BFC-B729-8361E8003B63}"
EndProject
Project("{2150E333-8FDC-42A3-9474-1A3956D46DE8}") = "Skoruba", "Skoruba", "{97CFE4E4-2DBE-42C0-9736-362F701E344F}"
EndProject
Project("{9A19103F-16F7-4668-BE54-9A1E7A4F7556}") = "Synuit.Identity.STS.IntegrationTests", "tests\Synuit.Identity.STS.IntegrationTests\Synuit.Identity.STS.IntegrationTests.csproj", "{F77F741C-BF54-431D-B1DD-382244A3206A}"
EndProject
Project("{9A19103F-16F7-4668-BE54-9A1E7A4F7556}") = "Synuit.Identity.Admin.UnitTests", "tests\Synuit.Identity.Admin.UnitTests\Synuit.Identity.Admin.UnitTests.csproj", "{993AC0D8-6E8F-4E25-9767-3C2948F39E6C}"
EndProject
Project("{9A19103F-16F7-4668-BE54-9A1E7A4F7556}") = "Synuit.Identity.Admin.IntegrationTests", "tests\Synuit.Identity.Admin.IntegrationTests\Synuit.Identity.Admin.IntegrationTests.csproj", "{0EDC1990-7CAF-47B2-863D-0FCF8AEC1D93}"
EndProject
Project("{2150E333-8FDC-42A3-9474-1A3956D46DE8}") = "Skoruba", "Skoruba", "{16B7DAA8-0EF6-48C4-8B89-BAC58601E0D5}"
EndProject
Global
	GlobalSection(SolutionConfigurationPlatforms) = preSolution
		Debug|Any CPU = Debug|Any CPU
		Release|Any CPU = Release|Any CPU
	EndGlobalSection
	GlobalSection(ProjectConfigurationPlatforms) = postSolution
		{E3713598-3375-4E81-9EC7-58DC090789BD}.Debug|Any CPU.ActiveCfg = Debug|Any CPU
		{E3713598-3375-4E81-9EC7-58DC090789BD}.Debug|Any CPU.Build.0 = Debug|Any CPU
		{E3713598-3375-4E81-9EC7-58DC090789BD}.Release|Any CPU.ActiveCfg = Release|Any CPU
		{E3713598-3375-4E81-9EC7-58DC090789BD}.Release|Any CPU.Build.0 = Release|Any CPU
		{BFF10ECC-B02A-4660-A82B-AADFDE0C0EBF}.Debug|Any CPU.ActiveCfg = Debug|Any CPU
		{BFF10ECC-B02A-4660-A82B-AADFDE0C0EBF}.Debug|Any CPU.Build.0 = Debug|Any CPU
		{BFF10ECC-B02A-4660-A82B-AADFDE0C0EBF}.Release|Any CPU.ActiveCfg = Release|Any CPU
		{BFF10ECC-B02A-4660-A82B-AADFDE0C0EBF}.Release|Any CPU.Build.0 = Release|Any CPU
		{92405E00-759C-4A20-A736-E21E7EF771C2}.Debug|Any CPU.ActiveCfg = Debug|Any CPU
		{92405E00-759C-4A20-A736-E21E7EF771C2}.Debug|Any CPU.Build.0 = Debug|Any CPU
		{92405E00-759C-4A20-A736-E21E7EF771C2}.Release|Any CPU.ActiveCfg = Release|Any CPU
		{92405E00-759C-4A20-A736-E21E7EF771C2}.Release|Any CPU.Build.0 = Release|Any CPU
		{D9F5B8B1-01F5-4996-8E75-A41532CF32CD}.Debug|Any CPU.ActiveCfg = Debug|Any CPU
		{D9F5B8B1-01F5-4996-8E75-A41532CF32CD}.Debug|Any CPU.Build.0 = Debug|Any CPU
		{D9F5B8B1-01F5-4996-8E75-A41532CF32CD}.Release|Any CPU.ActiveCfg = Release|Any CPU
		{D9F5B8B1-01F5-4996-8E75-A41532CF32CD}.Release|Any CPU.Build.0 = Release|Any CPU
		{491B30A8-D4A1-42E8-8DEE-4093E0E45C36}.Debug|Any CPU.ActiveCfg = Debug|Any CPU
		{491B30A8-D4A1-42E8-8DEE-4093E0E45C36}.Debug|Any CPU.Build.0 = Debug|Any CPU
		{491B30A8-D4A1-42E8-8DEE-4093E0E45C36}.Release|Any CPU.ActiveCfg = Release|Any CPU
		{491B30A8-D4A1-42E8-8DEE-4093E0E45C36}.Release|Any CPU.Build.0 = Release|Any CPU
		{72F17B1A-88D9-47FD-AA35-1C700E51CD0E}.Debug|Any CPU.ActiveCfg = Debug|Any CPU
		{72F17B1A-88D9-47FD-AA35-1C700E51CD0E}.Debug|Any CPU.Build.0 = Debug|Any CPU
		{72F17B1A-88D9-47FD-AA35-1C700E51CD0E}.Release|Any CPU.ActiveCfg = Release|Any CPU
		{72F17B1A-88D9-47FD-AA35-1C700E51CD0E}.Release|Any CPU.Build.0 = Release|Any CPU
		{2FAECDE3-8D21-4C36-BFF1-3F7C1A56F0D4}.Debug|Any CPU.ActiveCfg = Debug|Any CPU
		{2FAECDE3-8D21-4C36-BFF1-3F7C1A56F0D4}.Debug|Any CPU.Build.0 = Debug|Any CPU
		{2FAECDE3-8D21-4C36-BFF1-3F7C1A56F0D4}.Release|Any CPU.ActiveCfg = Release|Any CPU
		{2FAECDE3-8D21-4C36-BFF1-3F7C1A56F0D4}.Release|Any CPU.Build.0 = Release|Any CPU
		{C360A0D5-1671-4738-BC5D-BED0E8A24D66}.Debug|Any CPU.ActiveCfg = Debug|Any CPU
		{C360A0D5-1671-4738-BC5D-BED0E8A24D66}.Debug|Any CPU.Build.0 = Debug|Any CPU
		{C360A0D5-1671-4738-BC5D-BED0E8A24D66}.Release|Any CPU.ActiveCfg = Release|Any CPU
		{C360A0D5-1671-4738-BC5D-BED0E8A24D66}.Release|Any CPU.Build.0 = Release|Any CPU
		{CA63CC7B-BE27-4737-AE91-42E43F729A1E}.Debug|Any CPU.ActiveCfg = Debug|Any CPU
		{CA63CC7B-BE27-4737-AE91-42E43F729A1E}.Debug|Any CPU.Build.0 = Debug|Any CPU
		{CA63CC7B-BE27-4737-AE91-42E43F729A1E}.Release|Any CPU.ActiveCfg = Release|Any CPU
		{CA63CC7B-BE27-4737-AE91-42E43F729A1E}.Release|Any CPU.Build.0 = Release|Any CPU
		{83319150-92D2-408C-A944-52DBE6AB8B37}.Debug|Any CPU.ActiveCfg = Debug|Any CPU
		{83319150-92D2-408C-A944-52DBE6AB8B37}.Debug|Any CPU.Build.0 = Debug|Any CPU
		{83319150-92D2-408C-A944-52DBE6AB8B37}.Release|Any CPU.ActiveCfg = Release|Any CPU
		{83319150-92D2-408C-A944-52DBE6AB8B37}.Release|Any CPU.Build.0 = Release|Any CPU
		{8F112368-2E45-4C3A-922E-85AB6056F559}.Debug|Any CPU.ActiveCfg = Debug|Any CPU
		{8F112368-2E45-4C3A-922E-85AB6056F559}.Debug|Any CPU.Build.0 = Debug|Any CPU
		{8F112368-2E45-4C3A-922E-85AB6056F559}.Release|Any CPU.ActiveCfg = Release|Any CPU
		{8F112368-2E45-4C3A-922E-85AB6056F559}.Release|Any CPU.Build.0 = Release|Any CPU
		{E18F8C70-7448-4039-9D78-1369D7F498EF}.Debug|Any CPU.ActiveCfg = Debug|Any CPU
		{E18F8C70-7448-4039-9D78-1369D7F498EF}.Debug|Any CPU.Build.0 = Debug|Any CPU
		{E18F8C70-7448-4039-9D78-1369D7F498EF}.Release|Any CPU.ActiveCfg = Release|Any CPU
		{E18F8C70-7448-4039-9D78-1369D7F498EF}.Release|Any CPU.Build.0 = Release|Any CPU
		{2DD3CB7D-462E-4039-B684-81B1E88C7C6A}.Debug|Any CPU.ActiveCfg = Debug|Any CPU
		{2DD3CB7D-462E-4039-B684-81B1E88C7C6A}.Debug|Any CPU.Build.0 = Debug|Any CPU
		{2DD3CB7D-462E-4039-B684-81B1E88C7C6A}.Release|Any CPU.ActiveCfg = Release|Any CPU
		{2DD3CB7D-462E-4039-B684-81B1E88C7C6A}.Release|Any CPU.Build.0 = Release|Any CPU
		{16B8EA4C-E7E7-4D89-8C89-1B271E846929}.Debug|Any CPU.ActiveCfg = Debug|Any CPU
		{16B8EA4C-E7E7-4D89-8C89-1B271E846929}.Debug|Any CPU.Build.0 = Debug|Any CPU
		{16B8EA4C-E7E7-4D89-8C89-1B271E846929}.Release|Any CPU.ActiveCfg = Release|Any CPU
		{16B8EA4C-E7E7-4D89-8C89-1B271E846929}.Release|Any CPU.Build.0 = Release|Any CPU
		{B23F27E4-4926-4C92-850E-8EE68A480F22}.Debug|Any CPU.ActiveCfg = Debug|Any CPU
		{B23F27E4-4926-4C92-850E-8EE68A480F22}.Debug|Any CPU.Build.0 = Debug|Any CPU
		{B23F27E4-4926-4C92-850E-8EE68A480F22}.Release|Any CPU.ActiveCfg = Release|Any CPU
		{B23F27E4-4926-4C92-850E-8EE68A480F22}.Release|Any CPU.Build.0 = Release|Any CPU
		{E6A37DD3-E8B2-4BFC-B729-8361E8003B63}.Debug|Any CPU.ActiveCfg = Debug|Any CPU
		{E6A37DD3-E8B2-4BFC-B729-8361E8003B63}.Debug|Any CPU.Build.0 = Debug|Any CPU
		{E6A37DD3-E8B2-4BFC-B729-8361E8003B63}.Release|Any CPU.ActiveCfg = Release|Any CPU
		{E6A37DD3-E8B2-4BFC-B729-8361E8003B63}.Release|Any CPU.Build.0 = Release|Any CPU
		{F77F741C-BF54-431D-B1DD-382244A3206A}.Debug|Any CPU.ActiveCfg = Debug|Any CPU
		{F77F741C-BF54-431D-B1DD-382244A3206A}.Debug|Any CPU.Build.0 = Debug|Any CPU
		{F77F741C-BF54-431D-B1DD-382244A3206A}.Release|Any CPU.ActiveCfg = Release|Any CPU
		{F77F741C-BF54-431D-B1DD-382244A3206A}.Release|Any CPU.Build.0 = Release|Any CPU
		{993AC0D8-6E8F-4E25-9767-3C2948F39E6C}.Debug|Any CPU.ActiveCfg = Debug|Any CPU
		{993AC0D8-6E8F-4E25-9767-3C2948F39E6C}.Debug|Any CPU.Build.0 = Debug|Any CPU
		{993AC0D8-6E8F-4E25-9767-3C2948F39E6C}.Release|Any CPU.ActiveCfg = Release|Any CPU
		{993AC0D8-6E8F-4E25-9767-3C2948F39E6C}.Release|Any CPU.Build.0 = Release|Any CPU
		{0EDC1990-7CAF-47B2-863D-0FCF8AEC1D93}.Debug|Any CPU.ActiveCfg = Debug|Any CPU
		{0EDC1990-7CAF-47B2-863D-0FCF8AEC1D93}.Debug|Any CPU.Build.0 = Debug|Any CPU
		{0EDC1990-7CAF-47B2-863D-0FCF8AEC1D93}.Release|Any CPU.ActiveCfg = Release|Any CPU
		{0EDC1990-7CAF-47B2-863D-0FCF8AEC1D93}.Release|Any CPU.Build.0 = Release|Any CPU
	EndGlobalSection
	GlobalSection(SolutionProperties) = preSolution
		HideSolutionNode = FALSE
	EndGlobalSection
	GlobalSection(NestedProjects) = preSolution
		{E3713598-3375-4E81-9EC7-58DC090789BD} = {97CFE4E4-2DBE-42C0-9736-362F701E344F}
		{BFF10ECC-B02A-4660-A82B-AADFDE0C0EBF} = {16B7DAA8-0EF6-48C4-8B89-BAC58601E0D5}
		{92405E00-759C-4A20-A736-E21E7EF771C2} = {16B7DAA8-0EF6-48C4-8B89-BAC58601E0D5}
		{D9F5B8B1-01F5-4996-8E75-A41532CF32CD} = {97CFE4E4-2DBE-42C0-9736-362F701E344F}
		{491B30A8-D4A1-42E8-8DEE-4093E0E45C36} = {97CFE4E4-2DBE-42C0-9736-362F701E344F}
		{72F17B1A-88D9-47FD-AA35-1C700E51CD0E} = {63D44665-AC4C-45F4-A2C7-A7DB394F44C4}
		{2FAECDE3-8D21-4C36-BFF1-3F7C1A56F0D4} = {97CFE4E4-2DBE-42C0-9736-362F701E344F}
		{C360A0D5-1671-4738-BC5D-BED0E8A24D66} = {97CFE4E4-2DBE-42C0-9736-362F701E344F}
		{CA63CC7B-BE27-4737-AE91-42E43F729A1E} = {97CFE4E4-2DBE-42C0-9736-362F701E344F}
		{83319150-92D2-408C-A944-52DBE6AB8B37} = {16B7DAA8-0EF6-48C4-8B89-BAC58601E0D5}
		{8F112368-2E45-4C3A-922E-85AB6056F559} = {97CFE4E4-2DBE-42C0-9736-362F701E344F}
		{E18F8C70-7448-4039-9D78-1369D7F498EF} = {97CFE4E4-2DBE-42C0-9736-362F701E344F}
		{2DD3CB7D-462E-4039-B684-81B1E88C7C6A} = {97CFE4E4-2DBE-42C0-9736-362F701E344F}
		{16B8EA4C-E7E7-4D89-8C89-1B271E846929} = {63D44665-AC4C-45F4-A2C7-A7DB394F44C4}
		{B23F27E4-4926-4C92-850E-8EE68A480F22} = {588205D4-3A30-4DA4-849D-C7422C396DAA}
		{E6A37DD3-E8B2-4BFC-B729-8361E8003B63} = {588205D4-3A30-4DA4-849D-C7422C396DAA}
		{97CFE4E4-2DBE-42C0-9736-362F701E344F} = {588205D4-3A30-4DA4-849D-C7422C396DAA}
		{F77F741C-BF54-431D-B1DD-382244A3206A} = {0BC0CC4E-A0F1-45E8-B41A-AE0FA76BF3E5}
		{993AC0D8-6E8F-4E25-9767-3C2948F39E6C} = {0BC0CC4E-A0F1-45E8-B41A-AE0FA76BF3E5}
		{0EDC1990-7CAF-47B2-863D-0FCF8AEC1D93} = {0BC0CC4E-A0F1-45E8-B41A-AE0FA76BF3E5}
		{16B7DAA8-0EF6-48C4-8B89-BAC58601E0D5} = {0BC0CC4E-A0F1-45E8-B41A-AE0FA76BF3E5}
	EndGlobalSection
	GlobalSection(ExtensibilityGlobals) = postSolution
		SolutionGuid = {B3166EDE-037B-4C68-BEBA-5DE9C5E3DB82}
	EndGlobalSection
EndGlobal
